
Microsoft Visual Studio Solution File, Format Version 12.00
# Visual Studio 14
VisualStudioVersion = 14.0.25420.1
MinimumVisualStudioVersion = 10.0.40219.1
Project("{FAE04EC0-301F-11D3-BF4B-00C04F79EFBC}") = "TimelineForms.Droid", "TimelineForms\TimelineForms.Droid\TimelineForms.Droid.csproj", "{29E0EF3F-B5CA-4FA0-9F61-E6DB4C5E12C6}"
EndProject
Project("{FAE04EC0-301F-11D3-BF4B-00C04F79EFBC}") = "TimelineForms.iOS", "TimelineForms\TimelineForms.iOS\TimelineForms.iOS.csproj", "{7310908E-3545-4E04-A66C-DC22F0D2790E}"
EndProject
Project("{FAE04EC0-301F-11D3-BF4B-00C04F79EFBC}") = "TimelineForms.UWP", "TimelineForms\TimelineForms.UWP\TimelineForms.UWP.csproj", "{E9DEDBD4-3DFC-494C-9862-A2216F678FF6}"
EndProject
Project("{FAE04EC0-301F-11D3-BF4B-00C04F79EFBC}") = "TimelineForms", "TimelineForms\TimelineForms\TimelineForms.csproj", "{3C27CDA8-2F74-4314-B201-3AC96C890D1A}"
EndProject
Project("{FAE04EC0-301F-11D3-BF4B-00C04F79EFBC}") = "TimelineForms.Common", "..\Server\TimelineForms.Common\TimelineForms.Common.csproj", "{DC4B6BFA-391C-4477-BA7E-D1328427551B}"
EndProject
Global
	GlobalSection(SolutionConfigurationPlatforms) = preSolution
		Ad-Hoc|Any CPU = Ad-Hoc|Any CPU
		Ad-Hoc|ARM = Ad-Hoc|ARM
		Ad-Hoc|iPhone = Ad-Hoc|iPhone
		Ad-Hoc|iPhoneSimulator = Ad-Hoc|iPhoneSimulator
		Ad-Hoc|x64 = Ad-Hoc|x64
		Ad-Hoc|x86 = Ad-Hoc|x86
		AppStore|Any CPU = AppStore|Any CPU
		AppStore|ARM = AppStore|ARM
		AppStore|iPhone = AppStore|iPhone
		AppStore|iPhoneSimulator = AppStore|iPhoneSimulator
		AppStore|x64 = AppStore|x64
		AppStore|x86 = AppStore|x86
		Debug|Any CPU = Debug|Any CPU
		Debug|ARM = Debug|ARM
		Debug|iPhone = Debug|iPhone
		Debug|iPhoneSimulator = Debug|iPhoneSimulator
		Debug|x64 = Debug|x64
		Debug|x86 = Debug|x86
		Release|Any CPU = Release|Any CPU
		Release|ARM = Release|ARM
		Release|iPhone = Release|iPhone
		Release|iPhoneSimulator = Release|iPhoneSimulator
		Release|x64 = Release|x64
		Release|x86 = Release|x86
	EndGlobalSection
	GlobalSection(ProjectConfigurationPlatforms) = postSolution
		{29E0EF3F-B5CA-4FA0-9F61-E6DB4C5E12C6}.Ad-Hoc|Any CPU.ActiveCfg = Release|Any CPU
		{29E0EF3F-B5CA-4FA0-9F61-E6DB4C5E12C6}.Ad-Hoc|Any CPU.Build.0 = Release|Any CPU
		{29E0EF3F-B5CA-4FA0-9F61-E6DB4C5E12C6}.Ad-Hoc|Any CPU.Deploy.0 = Release|Any CPU
		{29E0EF3F-B5CA-4FA0-9F61-E6DB4C5E12C6}.Ad-Hoc|ARM.ActiveCfg = Release|Any CPU
		{29E0EF3F-B5CA-4FA0-9F61-E6DB4C5E12C6}.Ad-Hoc|ARM.Build.0 = Release|Any CPU
		{29E0EF3F-B5CA-4FA0-9F61-E6DB4C5E12C6}.Ad-Hoc|ARM.Deploy.0 = Release|Any CPU
		{29E0EF3F-B5CA-4FA0-9F61-E6DB4C5E12C6}.Ad-Hoc|iPhone.ActiveCfg = Release|Any CPU
		{29E0EF3F-B5CA-4FA0-9F61-E6DB4C5E12C6}.Ad-Hoc|iPhone.Build.0 = Release|Any CPU
		{29E0EF3F-B5CA-4FA0-9F61-E6DB4C5E12C6}.Ad-Hoc|iPhone.Deploy.0 = Release|Any CPU
		{29E0EF3F-B5CA-4FA0-9F61-E6DB4C5E12C6}.Ad-Hoc|iPhoneSimulator.ActiveCfg = Release|Any CPU
		{29E0EF3F-B5CA-4FA0-9F61-E6DB4C5E12C6}.Ad-Hoc|iPhoneSimulator.Build.0 = Release|Any CPU
		{29E0EF3F-B5CA-4FA0-9F61-E6DB4C5E12C6}.Ad-Hoc|iPhoneSimulator.Deploy.0 = Release|Any CPU
		{29E0EF3F-B5CA-4FA0-9F61-E6DB4C5E12C6}.Ad-Hoc|x64.ActiveCfg = Release|Any CPU
		{29E0EF3F-B5CA-4FA0-9F61-E6DB4C5E12C6}.Ad-Hoc|x64.Build.0 = Release|Any CPU
		{29E0EF3F-B5CA-4FA0-9F61-E6DB4C5E12C6}.Ad-Hoc|x64.Deploy.0 = Release|Any CPU
		{29E0EF3F-B5CA-4FA0-9F61-E6DB4C5E12C6}.Ad-Hoc|x86.ActiveCfg = Release|Any CPU
		{29E0EF3F-B5CA-4FA0-9F61-E6DB4C5E12C6}.Ad-Hoc|x86.Build.0 = Release|Any CPU
		{29E0EF3F-B5CA-4FA0-9F61-E6DB4C5E12C6}.Ad-Hoc|x86.Deploy.0 = Release|Any CPU
		{29E0EF3F-B5CA-4FA0-9F61-E6DB4C5E12C6}.AppStore|Any CPU.ActiveCfg = Release|Any CPU
		{29E0EF3F-B5CA-4FA0-9F61-E6DB4C5E12C6}.AppStore|Any CPU.Build.0 = Release|Any CPU
		{29E0EF3F-B5CA-4FA0-9F61-E6DB4C5E12C6}.AppStore|Any CPU.Deploy.0 = Release|Any CPU
		{29E0EF3F-B5CA-4FA0-9F61-E6DB4C5E12C6}.AppStore|ARM.ActiveCfg = Release|Any CPU
		{29E0EF3F-B5CA-4FA0-9F61-E6DB4C5E12C6}.AppStore|ARM.Build.0 = Release|Any CPU
		{29E0EF3F-B5CA-4FA0-9F61-E6DB4C5E12C6}.AppStore|ARM.Deploy.0 = Release|Any CPU
		{29E0EF3F-B5CA-4FA0-9F61-E6DB4C5E12C6}.AppStore|iPhone.ActiveCfg = Release|Any CPU
		{29E0EF3F-B5CA-4FA0-9F61-E6DB4C5E12C6}.AppStore|iPhone.Build.0 = Release|Any CPU
		{29E0EF3F-B5CA-4FA0-9F61-E6DB4C5E12C6}.AppStore|iPhone.Deploy.0 = Release|Any CPU
		{29E0EF3F-B5CA-4FA0-9F61-E6DB4C5E12C6}.AppStore|iPhoneSimulator.ActiveCfg = Release|Any CPU
		{29E0EF3F-B5CA-4FA0-9F61-E6DB4C5E12C6}.AppStore|iPhoneSimulator.Build.0 = Release|Any CPU
		{29E0EF3F-B5CA-4FA0-9F61-E6DB4C5E12C6}.AppStore|iPhoneSimulator.Deploy.0 = Release|Any CPU
		{29E0EF3F-B5CA-4FA0-9F61-E6DB4C5E12C6}.AppStore|x64.ActiveCfg = Release|Any CPU
		{29E0EF3F-B5CA-4FA0-9F61-E6DB4C5E12C6}.AppStore|x64.Build.0 = Release|Any CPU
		{29E0EF3F-B5CA-4FA0-9F61-E6DB4C5E12C6}.AppStore|x64.Deploy.0 = Release|Any CPU
		{29E0EF3F-B5CA-4FA0-9F61-E6DB4C5E12C6}.AppStore|x86.ActiveCfg = Release|Any CPU
		{29E0EF3F-B5CA-4FA0-9F61-E6DB4C5E12C6}.AppStore|x86.Build.0 = Release|Any CPU
		{29E0EF3F-B5CA-4FA0-9F61-E6DB4C5E12C6}.AppStore|x86.Deploy.0 = Release|Any CPU
		{29E0EF3F-B5CA-4FA0-9F61-E6DB4C5E12C6}.Debug|Any CPU.ActiveCfg = Debug|Any CPU
		{29E0EF3F-B5CA-4FA0-9F61-E6DB4C5E12C6}.Debug|Any CPU.Build.0 = Debug|Any CPU
		{29E0EF3F-B5CA-4FA0-9F61-E6DB4C5E12C6}.Debug|Any CPU.Deploy.0 = Debug|Any CPU
		{29E0EF3F-B5CA-4FA0-9F61-E6DB4C5E12C6}.Debug|ARM.ActiveCfg = Debug|Any CPU
		{29E0EF3F-B5CA-4FA0-9F61-E6DB4C5E12C6}.Debug|ARM.Build.0 = Debug|Any CPU
		{29E0EF3F-B5CA-4FA0-9F61-E6DB4C5E12C6}.Debug|ARM.Deploy.0 = Debug|Any CPU
		{29E0EF3F-B5CA-4FA0-9F61-E6DB4C5E12C6}.Debug|iPhone.ActiveCfg = Debug|Any CPU
		{29E0EF3F-B5CA-4FA0-9F61-E6DB4C5E12C6}.Debug|iPhone.Build.0 = Debug|Any CPU
		{29E0EF3F-B5CA-4FA0-9F61-E6DB4C5E12C6}.Debug|iPhone.Deploy.0 = Debug|Any CPU
		{29E0EF3F-B5CA-4FA0-9F61-E6DB4C5E12C6}.Debug|iPhoneSimulator.ActiveCfg = Debug|Any CPU
		{29E0EF3F-B5CA-4FA0-9F61-E6DB4C5E12C6}.Debug|iPhoneSimulator.Build.0 = Debug|Any CPU
		{29E0EF3F-B5CA-4FA0-9F61-E6DB4C5E12C6}.Debug|iPhoneSimulator.Deploy.0 = Debug|Any CPU
		{29E0EF3F-B5CA-4FA0-9F61-E6DB4C5E12C6}.Debug|x64.ActiveCfg = Debug|Any CPU
		{29E0EF3F-B5CA-4FA0-9F61-E6DB4C5E12C6}.Debug|x64.Build.0 = Debug|Any CPU
		{29E0EF3F-B5CA-4FA0-9F61-E6DB4C5E12C6}.Debug|x64.Deploy.0 = Debug|Any CPU
		{29E0EF3F-B5CA-4FA0-9F61-E6DB4C5E12C6}.Debug|x86.ActiveCfg = Debug|Any CPU
		{29E0EF3F-B5CA-4FA0-9F61-E6DB4C5E12C6}.Debug|x86.Build.0 = Debug|Any CPU
		{29E0EF3F-B5CA-4FA0-9F61-E6DB4C5E12C6}.Debug|x86.Deploy.0 = Debug|Any CPU
		{29E0EF3F-B5CA-4FA0-9F61-E6DB4C5E12C6}.Release|Any CPU.ActiveCfg = Release|Any CPU
		{29E0EF3F-B5CA-4FA0-9F61-E6DB4C5E12C6}.Release|Any CPU.Build.0 = Release|Any CPU
		{29E0EF3F-B5CA-4FA0-9F61-E6DB4C5E12C6}.Release|Any CPU.Deploy.0 = Release|Any CPU
		{29E0EF3F-B5CA-4FA0-9F61-E6DB4C5E12C6}.Release|ARM.ActiveCfg = Release|Any CPU
		{29E0EF3F-B5CA-4FA0-9F61-E6DB4C5E12C6}.Release|ARM.Build.0 = Release|Any CPU
		{29E0EF3F-B5CA-4FA0-9F61-E6DB4C5E12C6}.Release|ARM.Deploy.0 = Release|Any CPU
		{29E0EF3F-B5CA-4FA0-9F61-E6DB4C5E12C6}.Release|iPhone.ActiveCfg = Release|Any CPU
		{29E0EF3F-B5CA-4FA0-9F61-E6DB4C5E12C6}.Release|iPhone.Build.0 = Release|Any CPU
		{29E0EF3F-B5CA-4FA0-9F61-E6DB4C5E12C6}.Release|iPhone.Deploy.0 = Release|Any CPU
		{29E0EF3F-B5CA-4FA0-9F61-E6DB4C5E12C6}.Release|iPhoneSimulator.ActiveCfg = Release|Any CPU
		{29E0EF3F-B5CA-4FA0-9F61-E6DB4C5E12C6}.Release|iPhoneSimulator.Build.0 = Release|Any CPU
		{29E0EF3F-B5CA-4FA0-9F61-E6DB4C5E12C6}.Release|iPhoneSimulator.Deploy.0 = Release|Any CPU
		{29E0EF3F-B5CA-4FA0-9F61-E6DB4C5E12C6}.Release|x64.ActiveCfg = Release|Any CPU
		{29E0EF3F-B5CA-4FA0-9F61-E6DB4C5E12C6}.Release|x64.Build.0 = Release|Any CPU
		{29E0EF3F-B5CA-4FA0-9F61-E6DB4C5E12C6}.Release|x64.Deploy.0 = Release|Any CPU
		{29E0EF3F-B5CA-4FA0-9F61-E6DB4C5E12C6}.Release|x86.ActiveCfg = Release|Any CPU
		{29E0EF3F-B5CA-4FA0-9F61-E6DB4C5E12C6}.Release|x86.Build.0 = Release|Any CPU
		{29E0EF3F-B5CA-4FA0-9F61-E6DB4C5E12C6}.Release|x86.Deploy.0 = Release|Any CPU
		{7310908E-3545-4E04-A66C-DC22F0D2790E}.Ad-Hoc|Any CPU.ActiveCfg = Ad-Hoc|iPhone
		{7310908E-3545-4E04-A66C-DC22F0D2790E}.Ad-Hoc|ARM.ActiveCfg = Ad-Hoc|iPhone
		{7310908E-3545-4E04-A66C-DC22F0D2790E}.Ad-Hoc|iPhone.ActiveCfg = Ad-Hoc|iPhone
		{7310908E-3545-4E04-A66C-DC22F0D2790E}.Ad-Hoc|iPhone.Build.0 = Ad-Hoc|iPhone
		{7310908E-3545-4E04-A66C-DC22F0D2790E}.Ad-Hoc|iPhoneSimulator.ActiveCfg = Ad-Hoc|iPhoneSimulator
		{7310908E-3545-4E04-A66C-DC22F0D2790E}.Ad-Hoc|iPhoneSimulator.Build.0 = Ad-Hoc|iPhoneSimulator
		{7310908E-3545-4E04-A66C-DC22F0D2790E}.Ad-Hoc|x64.ActiveCfg = Ad-Hoc|iPhone
		{7310908E-3545-4E04-A66C-DC22F0D2790E}.Ad-Hoc|x86.ActiveCfg = Ad-Hoc|iPhone
		{7310908E-3545-4E04-A66C-DC22F0D2790E}.AppStore|Any CPU.ActiveCfg = AppStore|iPhone
		{7310908E-3545-4E04-A66C-DC22F0D2790E}.AppStore|ARM.ActiveCfg = AppStore|iPhone
		{7310908E-3545-4E04-A66C-DC22F0D2790E}.AppStore|iPhone.ActiveCfg = AppStore|iPhone
		{7310908E-3545-4E04-A66C-DC22F0D2790E}.AppStore|iPhone.Build.0 = AppStore|iPhone
		{7310908E-3545-4E04-A66C-DC22F0D2790E}.AppStore|iPhoneSimulator.ActiveCfg = AppStore|iPhoneSimulator
		{7310908E-3545-4E04-A66C-DC22F0D2790E}.AppStore|iPhoneSimulator.Build.0 = AppStore|iPhoneSimulator
		{7310908E-3545-4E04-A66C-DC22F0D2790E}.AppStore|x64.ActiveCfg = AppStore|iPhone
		{7310908E-3545-4E04-A66C-DC22F0D2790E}.AppStore|x86.ActiveCfg = AppStore|iPhone
		{7310908E-3545-4E04-A66C-DC22F0D2790E}.Debug|Any CPU.ActiveCfg = Debug|iPhone
		{7310908E-3545-4E04-A66C-DC22F0D2790E}.Debug|ARM.ActiveCfg = Debug|iPhone
		{7310908E-3545-4E04-A66C-DC22F0D2790E}.Debug|iPhone.ActiveCfg = Debug|iPhone
		{7310908E-3545-4E04-A66C-DC22F0D2790E}.Debug|iPhone.Build.0 = Debug|iPhone
		{7310908E-3545-4E04-A66C-DC22F0D2790E}.Debug|iPhoneSimulator.ActiveCfg = Debug|iPhoneSimulator
		{7310908E-3545-4E04-A66C-DC22F0D2790E}.Debug|iPhoneSimulator.Build.0 = Debug|iPhoneSimulator
		{7310908E-3545-4E04-A66C-DC22F0D2790E}.Debug|x64.ActiveCfg = Debug|iPhone
		{7310908E-3545-4E04-A66C-DC22F0D2790E}.Debug|x86.ActiveCfg = Debug|iPhone
		{7310908E-3545-4E04-A66C-DC22F0D2790E}.Release|Any CPU.ActiveCfg = Release|iPhone
		{7310908E-3545-4E04-A66C-DC22F0D2790E}.Release|ARM.ActiveCfg = Release|iPhone
		{7310908E-3545-4E04-A66C-DC22F0D2790E}.Release|iPhone.ActiveCfg = Release|iPhone
		{7310908E-3545-4E04-A66C-DC22F0D2790E}.Release|iPhone.Build.0 = Release|iPhone
		{7310908E-3545-4E04-A66C-DC22F0D2790E}.Release|iPhoneSimulator.ActiveCfg = Release|iPhoneSimulator
		{7310908E-3545-4E04-A66C-DC22F0D2790E}.Release|iPhoneSimulator.Build.0 = Release|iPhoneSimulator
		{7310908E-3545-4E04-A66C-DC22F0D2790E}.Release|x64.ActiveCfg = Release|iPhone
		{7310908E-3545-4E04-A66C-DC22F0D2790E}.Release|x86.ActiveCfg = Release|iPhone
		{E9DEDBD4-3DFC-494C-9862-A2216F678FF6}.Ad-Hoc|Any CPU.ActiveCfg = Release|x86
		{E9DEDBD4-3DFC-494C-9862-A2216F678FF6}.Ad-Hoc|Any CPU.Build.0 = Release|x86
		{E9DEDBD4-3DFC-494C-9862-A2216F678FF6}.Ad-Hoc|Any CPU.Deploy.0 = Release|x86
		{E9DEDBD4-3DFC-494C-9862-A2216F678FF6}.Ad-Hoc|ARM.ActiveCfg = Release|ARM
		{E9DEDBD4-3DFC-494C-9862-A2216F678FF6}.Ad-Hoc|ARM.Build.0 = Release|ARM
		{E9DEDBD4-3DFC-494C-9862-A2216F678FF6}.Ad-Hoc|ARM.Deploy.0 = Release|ARM
		{E9DEDBD4-3DFC-494C-9862-A2216F678FF6}.Ad-Hoc|iPhone.ActiveCfg = Release|x86
		{E9DEDBD4-3DFC-494C-9862-A2216F678FF6}.Ad-Hoc|iPhone.Build.0 = Release|x86
		{E9DEDBD4-3DFC-494C-9862-A2216F678FF6}.Ad-Hoc|iPhone.Deploy.0 = Release|x86
		{E9DEDBD4-3DFC-494C-9862-A2216F678FF6}.Ad-Hoc|iPhoneSimulator.ActiveCfg = Release|x86
		{E9DEDBD4-3DFC-494C-9862-A2216F678FF6}.Ad-Hoc|iPhoneSimulator.Build.0 = Release|x86
		{E9DEDBD4-3DFC-494C-9862-A2216F678FF6}.Ad-Hoc|iPhoneSimulator.Deploy.0 = Release|x86
		{E9DEDBD4-3DFC-494C-9862-A2216F678FF6}.Ad-Hoc|x64.ActiveCfg = Release|x64
		{E9DEDBD4-3DFC-494C-9862-A2216F678FF6}.Ad-Hoc|x64.Build.0 = Release|x64
		{E9DEDBD4-3DFC-494C-9862-A2216F678FF6}.Ad-Hoc|x64.Deploy.0 = Release|x64
		{E9DEDBD4-3DFC-494C-9862-A2216F678FF6}.Ad-Hoc|x86.ActiveCfg = Release|x86
		{E9DEDBD4-3DFC-494C-9862-A2216F678FF6}.Ad-Hoc|x86.Build.0 = Release|x86
		{E9DEDBD4-3DFC-494C-9862-A2216F678FF6}.Ad-Hoc|x86.Deploy.0 = Release|x86
		{E9DEDBD4-3DFC-494C-9862-A2216F678FF6}.AppStore|Any CPU.ActiveCfg = Release|x86
		{E9DEDBD4-3DFC-494C-9862-A2216F678FF6}.AppStore|Any CPU.Build.0 = Release|x86
		{E9DEDBD4-3DFC-494C-9862-A2216F678FF6}.AppStore|Any CPU.Deploy.0 = Release|x86
		{E9DEDBD4-3DFC-494C-9862-A2216F678FF6}.AppStore|ARM.ActiveCfg = Release|ARM
		{E9DEDBD4-3DFC-494C-9862-A2216F678FF6}.AppStore|ARM.Build.0 = Release|ARM
		{E9DEDBD4-3DFC-494C-9862-A2216F678FF6}.AppStore|ARM.Deploy.0 = Release|ARM
		{E9DEDBD4-3DFC-494C-9862-A2216F678FF6}.AppStore|iPhone.ActiveCfg = Release|x86
		{E9DEDBD4-3DFC-494C-9862-A2216F678FF6}.AppStore|iPhone.Build.0 = Release|x86
		{E9DEDBD4-3DFC-494C-9862-A2216F678FF6}.AppStore|iPhone.Deploy.0 = Release|x86
		{E9DEDBD4-3DFC-494C-9862-A2216F678FF6}.AppStore|iPhoneSimulator.ActiveCfg = Release|x86
		{E9DEDBD4-3DFC-494C-9862-A2216F678FF6}.AppStore|iPhoneSimulator.Build.0 = Release|x86
		{E9DEDBD4-3DFC-494C-9862-A2216F678FF6}.AppStore|iPhoneSimulator.Deploy.0 = Release|x86
		{E9DEDBD4-3DFC-494C-9862-A2216F678FF6}.AppStore|x64.ActiveCfg = Release|x64
		{E9DEDBD4-3DFC-494C-9862-A2216F678FF6}.AppStore|x64.Build.0 = Release|x64
		{E9DEDBD4-3DFC-494C-9862-A2216F678FF6}.AppStore|x64.Deploy.0 = Release|x64
		{E9DEDBD4-3DFC-494C-9862-A2216F678FF6}.AppStore|x86.ActiveCfg = Release|x86
		{E9DEDBD4-3DFC-494C-9862-A2216F678FF6}.AppStore|x86.Build.0 = Release|x86
		{E9DEDBD4-3DFC-494C-9862-A2216F678FF6}.AppStore|x86.Deploy.0 = Release|x86
		{E9DEDBD4-3DFC-494C-9862-A2216F678FF6}.Debug|Any CPU.ActiveCfg = Debug|x86
		{E9DEDBD4-3DFC-494C-9862-A2216F678FF6}.Debug|Any CPU.Build.0 = Debug|x86
		{E9DEDBD4-3DFC-494C-9862-A2216F678FF6}.Debug|Any CPU.Deploy.0 = Debug|x86
		{E9DEDBD4-3DFC-494C-9862-A2216F678FF6}.Debug|ARM.ActiveCfg = Debug|ARM
		{E9DEDBD4-3DFC-494C-9862-A2216F678FF6}.Debug|ARM.Build.0 = Debug|ARM
		{E9DEDBD4-3DFC-494C-9862-A2216F678FF6}.Debug|ARM.Deploy.0 = Debug|ARM
		{E9DEDBD4-3DFC-494C-9862-A2216F678FF6}.Debug|iPhone.ActiveCfg = Debug|x86
		{E9DEDBD4-3DFC-494C-9862-A2216F678FF6}.Debug|iPhoneSimulator.ActiveCfg = Debug|x86
		{E9DEDBD4-3DFC-494C-9862-A2216F678FF6}.Debug|x64.ActiveCfg = Debug|x64
		{E9DEDBD4-3DFC-494C-9862-A2216F678FF6}.Debug|x64.Build.0 = Debug|x64
		{E9DEDBD4-3DFC-494C-9862-A2216F678FF6}.Debug|x64.Deploy.0 = Debug|x64
		{E9DEDBD4-3DFC-494C-9862-A2216F678FF6}.Debug|x86.ActiveCfg = Debug|x86
		{E9DEDBD4-3DFC-494C-9862-A2216F678FF6}.Debug|x86.Build.0 = Debug|x86
		{E9DEDBD4-3DFC-494C-9862-A2216F678FF6}.Debug|x86.Deploy.0 = Debug|x86
		{E9DEDBD4-3DFC-494C-9862-A2216F678FF6}.Release|Any CPU.ActiveCfg = Release|x86
		{E9DEDBD4-3DFC-494C-9862-A2216F678FF6}.Release|ARM.ActiveCfg = Release|ARM
		{E9DEDBD4-3DFC-494C-9862-A2216F678FF6}.Release|ARM.Build.0 = Release|ARM
		{E9DEDBD4-3DFC-494C-9862-A2216F678FF6}.Release|ARM.Deploy.0 = Release|ARM
		{E9DEDBD4-3DFC-494C-9862-A2216F678FF6}.Release|iPhone.ActiveCfg = Release|x86
		{E9DEDBD4-3DFC-494C-9862-A2216F678FF6}.Release|iPhoneSimulator.ActiveCfg = Release|x86
		{E9DEDBD4-3DFC-494C-9862-A2216F678FF6}.Release|x64.ActiveCfg = Release|x64
		{E9DEDBD4-3DFC-494C-9862-A2216F678FF6}.Release|x64.Build.0 = Release|x64
		{E9DEDBD4-3DFC-494C-9862-A2216F678FF6}.Release|x64.Deploy.0 = Release|x64
		{E9DEDBD4-3DFC-494C-9862-A2216F678FF6}.Release|x86.ActiveCfg = Release|x86
		{E9DEDBD4-3DFC-494C-9862-A2216F678FF6}.Release|x86.Build.0 = Release|x86
		{E9DEDBD4-3DFC-494C-9862-A2216F678FF6}.Release|x86.Deploy.0 = Release|x86
		{3C27CDA8-2F74-4314-B201-3AC96C890D1A}.Ad-Hoc|Any CPU.ActiveCfg = Release|Any CPU
		{3C27CDA8-2F74-4314-B201-3AC96C890D1A}.Ad-Hoc|Any CPU.Build.0 = Release|Any CPU
		{3C27CDA8-2F74-4314-B201-3AC96C890D1A}.Ad-Hoc|ARM.ActiveCfg = Release|Any CPU
		{3C27CDA8-2F74-4314-B201-3AC96C890D1A}.Ad-Hoc|ARM.Build.0 = Release|Any CPU
		{3C27CDA8-2F74-4314-B201-3AC96C890D1A}.Ad-Hoc|iPhone.ActiveCfg = Release|Any CPU
		{3C27CDA8-2F74-4314-B201-3AC96C890D1A}.Ad-Hoc|iPhone.Build.0 = Release|Any CPU
		{3C27CDA8-2F74-4314-B201-3AC96C890D1A}.Ad-Hoc|iPhoneSimulator.ActiveCfg = Release|Any CPU
		{3C27CDA8-2F74-4314-B201-3AC96C890D1A}.Ad-Hoc|iPhoneSimulator.Build.0 = Release|Any CPU
		{3C27CDA8-2F74-4314-B201-3AC96C890D1A}.Ad-Hoc|x64.ActiveCfg = Release|Any CPU
		{3C27CDA8-2F74-4314-B201-3AC96C890D1A}.Ad-Hoc|x64.Build.0 = Release|Any CPU
		{3C27CDA8-2F74-4314-B201-3AC96C890D1A}.Ad-Hoc|x86.ActiveCfg = Release|Any CPU
		{3C27CDA8-2F74-4314-B201-3AC96C890D1A}.Ad-Hoc|x86.Build.0 = Release|Any CPU
		{3C27CDA8-2F74-4314-B201-3AC96C890D1A}.AppStore|Any CPU.ActiveCfg = Release|Any CPU
		{3C27CDA8-2F74-4314-B201-3AC96C890D1A}.AppStore|Any CPU.Build.0 = Release|Any CPU
		{3C27CDA8-2F74-4314-B201-3AC96C890D1A}.AppStore|ARM.ActiveCfg = Release|Any CPU
		{3C27CDA8-2F74-4314-B201-3AC96C890D1A}.AppStore|ARM.Build.0 = Release|Any CPU
		{3C27CDA8-2F74-4314-B201-3AC96C890D1A}.AppStore|iPhone.ActiveCfg = Release|Any CPU
		{3C27CDA8-2F74-4314-B201-3AC96C890D1A}.AppStore|iPhone.Build.0 = Release|Any CPU
		{3C27CDA8-2F74-4314-B201-3AC96C890D1A}.AppStore|iPhoneSimulator.ActiveCfg = Release|Any CPU
		{3C27CDA8-2F74-4314-B201-3AC96C890D1A}.AppStore|iPhoneSimulator.Build.0 = Release|Any CPU
		{3C27CDA8-2F74-4314-B201-3AC96C890D1A}.AppStore|x64.ActiveCfg = Release|Any CPU
		{3C27CDA8-2F74-4314-B201-3AC96C890D1A}.AppStore|x64.Build.0 = Release|Any CPU
		{3C27CDA8-2F74-4314-B201-3AC96C890D1A}.AppStore|x86.ActiveCfg = Release|Any CPU
		{3C27CDA8-2F74-4314-B201-3AC96C890D1A}.AppStore|x86.Build.0 = Release|Any CPU
		{3C27CDA8-2F74-4314-B201-3AC96C890D1A}.Debug|Any CPU.ActiveCfg = Debug|Any CPU
		{3C27CDA8-2F74-4314-B201-3AC96C890D1A}.Debug|Any CPU.Build.0 = Debug|Any CPU
		{3C27CDA8-2F74-4314-B201-3AC96C890D1A}.Debug|ARM.ActiveCfg = Debug|Any CPU
		{3C27CDA8-2F74-4314-B201-3AC96C890D1A}.Debug|ARM.Build.0 = Debug|Any CPU
		{3C27CDA8-2F74-4314-B201-3AC96C890D1A}.Debug|iPhone.ActiveCfg = Debug|Any CPU
		{3C27CDA8-2F74-4314-B201-3AC96C890D1A}.Debug|iPhone.Build.0 = Debug|Any CPU
		{3C27CDA8-2F74-4314-B201-3AC96C890D1A}.Debug|iPhoneSimulator.ActiveCfg = Debug|Any CPU
		{3C27CDA8-2F74-4314-B201-3AC96C890D1A}.Debug|iPhoneSimulator.Build.0 = Debug|Any CPU
		{3C27CDA8-2F74-4314-B201-3AC96C890D1A}.Debug|x64.ActiveCfg = Debug|Any CPU
		{3C27CDA8-2F74-4314-B201-3AC96C890D1A}.Debug|x64.Build.0 = Debug|Any CPU
		{3C27CDA8-2F74-4314-B201-3AC96C890D1A}.Debug|x86.ActiveCfg = Debug|Any CPU
		{3C27CDA8-2F74-4314-B201-3AC96C890D1A}.Debug|x86.Build.0 = Debug|Any CPU
		{3C27CDA8-2F74-4314-B201-3AC96C890D1A}.Release|Any CPU.ActiveCfg = Release|Any CPU
		{3C27CDA8-2F74-4314-B201-3AC96C890D1A}.Release|Any CPU.Build.0 = Release|Any CPU
		{3C27CDA8-2F74-4314-B201-3AC96C890D1A}.Release|ARM.ActiveCfg = Release|Any CPU
		{3C27CDA8-2F74-4314-B201-3AC96C890D1A}.Release|ARM.Build.0 = Release|Any CPU
		{3C27CDA8-2F74-4314-B201-3AC96C890D1A}.Release|iPhone.ActiveCfg = Release|Any CPU
		{3C27CDA8-2F74-4314-B201-3AC96C890D1A}.Release|iPhone.Build.0 = Release|Any CPU
		{3C27CDA8-2F74-4314-B201-3AC96C890D1A}.Release|iPhoneSimulator.ActiveCfg = Release|Any CPU
		{3C27CDA8-2F74-4314-B201-3AC96C890D1A}.Release|iPhoneSimulator.Build.0 = Release|Any CPU
		{3C27CDA8-2F74-4314-B201-3AC96C890D1A}.Release|x64.ActiveCfg = Release|Any CPU
		{3C27CDA8-2F74-4314-B201-3AC96C890D1A}.Release|x64.Build.0 = Release|Any CPU
		{3C27CDA8-2F74-4314-B201-3AC96C890D1A}.Release|x86.ActiveCfg = Release|Any CPU
		{3C27CDA8-2F74-4314-B201-3AC96C890D1A}.Release|x86.Build.0 = Release|Any CPU
		{DC4B6BFA-391C-4477-BA7E-D1328427551B}.Ad-Hoc|Any CPU.ActiveCfg = Release|Any CPU
		{DC4B6BFA-391C-4477-BA7E-D1328427551B}.Ad-Hoc|Any CPU.Build.0 = Release|Any CPU
		{DC4B6BFA-391C-4477-BA7E-D1328427551B}.Ad-Hoc|ARM.ActiveCfg = Release|Any CPU
		{DC4B6BFA-391C-4477-BA7E-D1328427551B}.Ad-Hoc|ARM.Build.0 = Release|Any CPU
		{DC4B6BFA-391C-4477-BA7E-D1328427551B}.Ad-Hoc|iPhone.ActiveCfg = Release|Any CPU
		{DC4B6BFA-391C-4477-BA7E-D1328427551B}.Ad-Hoc|iPhone.Build.0 = Release|Any CPU
		{DC4B6BFA-391C-4477-BA7E-D1328427551B}.Ad-Hoc|iPhoneSimulator.ActiveCfg = Release|Any CPU
		{DC4B6BFA-391C-4477-BA7E-D1328427551B}.Ad-Hoc|iPhoneSimulator.Build.0 = Release|Any CPU
		{DC4B6BFA-391C-4477-BA7E-D1328427551B}.Ad-Hoc|x64.ActiveCfg = Release|Any CPU
		{DC4B6BFA-391C-4477-BA7E-D1328427551B}.Ad-Hoc|x64.Build.0 = Release|Any CPU
		{DC4B6BFA-391C-4477-BA7E-D1328427551B}.Ad-Hoc|x86.ActiveCfg = Release|Any CPU
		{DC4B6BFA-391C-4477-BA7E-D1328427551B}.Ad-Hoc|x86.Build.0 = Release|Any CPU
		{DC4B6BFA-391C-4477-BA7E-D1328427551B}.AppStore|Any CPU.ActiveCfg = Release|Any CPU
		{DC4B6BFA-391C-4477-BA7E-D1328427551B}.AppStore|Any CPU.Build.0 = Release|Any CPU
		{DC4B6BFA-391C-4477-BA7E-D1328427551B}.AppStore|ARM.ActiveCfg = Release|Any CPU
		{DC4B6BFA-391C-4477-BA7E-D1328427551B}.AppStore|ARM.Build.0 = Release|Any CPU
		{DC4B6BFA-391C-4477-BA7E-D1328427551B}.AppStore|iPhone.ActiveCfg = Release|Any CPU
		{DC4B6BFA-391C-4477-BA7E-D1328427551B}.AppStore|iPhone.Build.0 = Release|Any CPU
		{DC4B6BFA-391C-4477-BA7E-D1328427551B}.AppStore|iPhoneSimulator.ActiveCfg = Release|Any CPU
		{DC4B6BFA-391C-4477-BA7E-D1328427551B}.AppStore|iPhoneSimulator.Build.0 = Release|Any CPU
		{DC4B6BFA-391C-4477-BA7E-D1328427551B}.AppStore|x64.ActiveCfg = Release|Any CPU
		{DC4B6BFA-391C-4477-BA7E-D1328427551B}.AppStore|x64.Build.0 = Release|Any CPU
		{DC4B6BFA-391C-4477-BA7E-D1328427551B}.AppStore|x86.ActiveCfg = Release|Any CPU
		{DC4B6BFA-391C-4477-BA7E-D1328427551B}.AppStore|x86.Build.0 = Release|Any CPU
		{DC4B6BFA-391C-4477-BA7E-D1328427551B}.Debug|Any CPU.ActiveCfg = Debug|Any CPU
		{DC4B6BFA-391C-4477-BA7E-D1328427551B}.Debug|Any CPU.Build.0 = Debug|Any CPU
		{DC4B6BFA-391C-4477-BA7E-D1328427551B}.Debug|ARM.ActiveCfg = Debug|Any CPU
		{DC4B6BFA-391C-4477-BA7E-D1328427551B}.Debug|ARM.Build.0 = Debug|Any CPU
		{DC4B6BFA-391C-4477-BA7E-D1328427551B}.Debug|iPhone.ActiveCfg = Debug|Any CPU
		{DC4B6BFA-391C-4477-BA7E-D1328427551B}.Debug|iPhone.Build.0 = Debug|Any CPU
		{DC4B6BFA-391C-4477-BA7E-D1328427551B}.Debug|iPhoneSimulator.ActiveCfg = Debug|Any CPU
		{DC4B6BFA-391C-4477-BA7E-D1328427551B}.Debug|iPhoneSimulator.Build.0 = Debug|Any CPU
		{DC4B6BFA-391C-4477-BA7E-D1328427551B}.Debug|x64.ActiveCfg = Debug|Any CPU
		{DC4B6BFA-391C-4477-BA7E-D1328427551B}.Debug|x64.Build.0 = Debug|Any CPU
		{DC4B6BFA-391C-4477-BA7E-D1328427551B}.Debug|x86.ActiveCfg = Debug|Any CPU
		{DC4B6BFA-391C-4477-BA7E-D1328427551B}.Debug|x86.Build.0 = Debug|Any CPU
		{DC4B6BFA-391C-4477-BA7E-D1328427551B}.Release|Any CPU.ActiveCfg = Release|Any CPU
		{DC4B6BFA-391C-4477-BA7E-D1328427551B}.Release|Any CPU.Build.0 = Release|Any CPU
		{DC4B6BFA-391C-4477-BA7E-D1328427551B}.Release|ARM.ActiveCfg = Release|Any CPU
		{DC4B6BFA-391C-4477-BA7E-D1328427551B}.Release|ARM.Build.0 = Release|Any CPU
		{DC4B6BFA-391C-4477-BA7E-D1328427551B}.Release|iPhone.ActiveCfg = Release|Any CPU
		{DC4B6BFA-391C-4477-BA7E-D1328427551B}.Release|iPhone.Build.0 = Release|Any CPU
		{DC4B6BFA-391C-4477-BA7E-D1328427551B}.Release|iPhoneSimulator.ActiveCfg = Release|Any CPU
		{DC4B6BFA-391C-4477-BA7E-D1328427551B}.Release|iPhoneSimulator.Build.0 = Release|Any CPU
		{DC4B6BFA-391C-4477-BA7E-D1328427551B}.Release|x64.ActiveCfg = Release|Any CPU
		{DC4B6BFA-391C-4477-BA7E-D1328427551B}.Release|x64.Build.0 = Release|Any CPU
		{DC4B6BFA-391C-4477-BA7E-D1328427551B}.Release|x86.ActiveCfg = Release|Any CPU
		{DC4B6BFA-391C-4477-BA7E-D1328427551B}.Release|x86.Build.0 = Release|Any CPU
	EndGlobalSection
	GlobalSection(SolutionProperties) = preSolution
		HideSolutionNode = FALSE
	EndGlobalSection	
EndGlobal
